
Microsoft Visual Studio Solution File, Format Version 12.00
# Visual Studio Version 16
VisualStudioVersion = 16.0.30804.86
MinimumVisualStudioVersion = 10.0.40219.1
Project("{159641D6-6404-4A2A-AE62-294DE0FE8301}") = "BCCR Import", "BCCR Import.dtproj", "{BDF14927-C190-4880-877E-F109C35E80AA}"
EndProject
Global
	GlobalSection(SolutionConfigurationPlatforms) = preSolution
		Development|Default = Development|Default
	EndGlobalSection
	GlobalSection(ProjectConfigurationPlatforms) = postSolution
		{BDF14927-C190-4880-877E-F109C35E80AA}.Development|Default.ActiveCfg = Development
		{BDF14927-C190-4880-877E-F109C35E80AA}.Development|Default.Build.0 = Development
	EndGlobalSection
	GlobalSection(SolutionProperties) = preSolution
		HideSolutionNode = FALSE
	EndGlobalSection
	GlobalSection(ExtensibilityGlobals) = postSolution
		SolutionGuid = {CB20D6B8-F0F8-47F3-BDAB-33A1E77D1E74}
	EndGlobalSection
EndGlobal
