
Microsoft Visual Studio Solution File, Format Version 12.00
# Visual Studio Version 16
VisualStudioVersion = 16.0.30804.86
MinimumVisualStudioVersion = 10.0.40219.1
Project("{159641D6-6404-4A2A-AE62-294DE0FE8301}") = "ETLs", "ETLs.dtproj", "{2F658BF8-07D1-4627-818F-6BD848935153}"
EndProject
Global
	GlobalSection(SolutionConfigurationPlatforms) = preSolution
		Development|Default = Development|Default
	EndGlobalSection
	GlobalSection(ProjectConfigurationPlatforms) = postSolution
		{2F658BF8-07D1-4627-818F-6BD848935153}.Development|Default.ActiveCfg = Development
		{2F658BF8-07D1-4627-818F-6BD848935153}.Development|Default.Build.0 = Development
	EndGlobalSection
	GlobalSection(SolutionProperties) = preSolution
		HideSolutionNode = FALSE
	EndGlobalSection
	GlobalSection(ExtensibilityGlobals) = postSolution
		SolutionGuid = {EC423A3B-5B83-4E90-B074-BDCC9464E90E}
	EndGlobalSection
EndGlobal
