
Microsoft Visual Studio Solution File, Format Version 12.00
# Visual Studio Version 16
VisualStudioVersion = 16.0.30804.86
MinimumVisualStudioVersion = 10.0.40219.1
Project("{00D1A9C2-B5F0-4AF3-8072-F6C62B433612}") = "SQL_SALES_CR", "SQL_SALES_CR.sqlproj", "{32DEB34D-12A0-434F-ADD7-54A06ECF353B}"
EndProject
Global
	GlobalSection(SolutionConfigurationPlatforms) = preSolution
		Debug|Any CPU = Debug|Any CPU
		Release|Any CPU = Release|Any CPU
	EndGlobalSection
	GlobalSection(ProjectConfigurationPlatforms) = postSolution
		{32DEB34D-12A0-434F-ADD7-54A06ECF353B}.Debug|Any CPU.ActiveCfg = Debug|Any CPU
		{32DEB34D-12A0-434F-ADD7-54A06ECF353B}.Debug|Any CPU.Build.0 = Debug|Any CPU
		{32DEB34D-12A0-434F-ADD7-54A06ECF353B}.Debug|Any CPU.Deploy.0 = Debug|Any CPU
		{32DEB34D-12A0-434F-ADD7-54A06ECF353B}.Release|Any CPU.ActiveCfg = Release|Any CPU
		{32DEB34D-12A0-434F-ADD7-54A06ECF353B}.Release|Any CPU.Build.0 = Release|Any CPU
		{32DEB34D-12A0-434F-ADD7-54A06ECF353B}.Release|Any CPU.Deploy.0 = Release|Any CPU
	EndGlobalSection
	GlobalSection(SolutionProperties) = preSolution
		HideSolutionNode = FALSE
	EndGlobalSection
	GlobalSection(ExtensibilityGlobals) = postSolution
		SolutionGuid = {23433163-97AD-4DD2-8394-85996A14D251}
	EndGlobalSection
EndGlobal
